{
  "nodes": {
    "nixpkgs": {
      "locked": {
        "lastModified": 1788404924,
        "narHash": "sha256-lhEhY8X5EgkQ/eg6IFz4cc8jRuSYSvnxx1al7d1dvZ0=",
        "owner": "NixOS",
        "repo": "nixpkgs",
        "rev": "0968519e14f7aa7d3e9b389682bd74d2b51c8ce8",
        "type": "github"
      },
      "original": {
        "owner": "NixOS",
        "ref": "nixos-unstable",
        "repo": "nixpkgs",
        "type": "github"
      }
    },
    "root": {
      "inputs": {
        "nixpkgs": "nixpkgs",
        "volt-src": "volt-src"
      }
    },
    "volt-src": {
      "flake": false,
      "locked": {
        "lastModified": 1788426368,
        "narHash": "sha256-KUne5KbziyADVtVSWBagOv0pes91Phmb6b5tpLafjOY=",
        "owner": "pythonlover02",
        "repo": "volt-gui",
        "rev": "16e8e78b15d2a210257c3f23cb394b9b797da987",
        "type": "github"
      },
      "original": {
        "owner": "pythonlover02",
        "repo": "volt-gui",
        "type": "github"
      }
    }
  },
  "root": "root",
  "version": 7
}
