{
  "nodes": {
    "nixpkgs": {
      "locked": {
        "lastModified": 1788404924,
        "narHash": "sha256-lhEhY8X5EgkQ/eg6IFz4cc8jRuSYSvnxx1al7d1dvZ0=",
        "owner": "NixOS",
        "repo": "nixpkgs",
        "rev": "0968519e14f7aa7d3e9b389682bd74d2b51c8ce8",
        "type": "github"
      },
      "original": {
        "owner": "NixOS",
        "ref": "nixos-unstable",
        "repo": "nixpkgs",
        "type": "github"
      }
    },
    "root": {
      "inputs": {
        "nixpkgs": "nixpkgs",
        "volt-src": "volt-src"
      }
    },
    "volt-src": {
      "flake": false,
      "locked": {
        "lastModified": 1790052028,
        "narHash": "sha256-shtJ4489PlFJo15qd2nwFfuG0lFa9TdWTbFmddkCnoo=",
        "owner": "pythonlover02",
        "repo": "volt-gui",
        "rev": "d2ca878472dded58ea169340e2f83885f397c9a1",
        "type": "github"
      },
      "original": {
        "owner": "pythonlover02",
        "repo": "volt-gui",
        "type": "github"
      }
    }
  },
  "root": "root",
  "version": 7
}
